// !$*UTF8*$!
{
	archiveVersion = 1;
	classes = {
	};
	objectVersion = 77;
	objects = {

/* Begin PBXContainerItemProxy section */
		52EA52BF2D62125400FB77D1 /* PBXContainerItemProxy */ = {
			isa = PBXContainerItemProxy;
			containerPortal = 52EA52A02D62125300FB77D1 /* Project object */;
			proxyType = 1;
			remoteGlobalIDString = 52EA52A72D62125300FB77D1;
			remoteInfo = IcIceTasarim;
		};
		52EA52C92D62125400FB77D1 /* PBXContainerItemProxy */ = {
			isa = PBXContainerItemProxy;
			containerPortal = 52EA52A02D62125300FB77D1 /* Project object */;
			proxyType = 1;
			remoteGlobalIDString = 52EA52A72D62125300FB77D1;
			remoteInfo = IcIceTasarim;
		};
/* End PBXContainerItemProxy section */

/* Begin PBXFileReference section */
		52EA52A82D62125300FB77D1 /* IcIceTasarim.app */ = {isa = PBXFileReference; explicitFileType = wrapper.application; includeInIndex = 0; path = IcIceTasarim.app; sourceTree = BUILT_PRODUCTS_DIR; };
		52EA52BE2D62125400FB77D1 /* IcIceTasarimTests.xctest */ = {isa = PBXFileReference; explicitFileType = wrapper.cfbundle; includeInIndex = 0; path = IcIceTasarimTests.xctest; sourceTree = BUILT_PRODUCTS_DIR; };
		52EA52C82D62125400FB77D1 /* IcIceTasarimUITests.xctest */ = {isa = PBXFileReference; explicitFileType = wrapper.cfbundle; includeInIndex = 0; path = IcIceTasarimUITests.xctest; sourceTree = BUILT_PRODUCTS_DIR; };
/* End PBXFileReference section */

/* Begin PBXFileSystemSynchronizedBuildFileExceptionSet section */
		52EA52D02D62125400FB77D1 /* Exceptions for "IcIceTasarim" folder in "IcIceTasarim" target */ = {
			isa = PBXFileSystemSynchronizedBuildFileExceptionSet;
			membershipExceptions = (
				Info.plist,
			);
			target = 52EA52A72D62125300FB77D1 /* IcIceTasarim */;
		};
/* End PBXFileSystemSynchronizedBuildFileExceptionSet section */

/* Begin PBXFileSystemSynchronizedRootGroup section */
		52EA52AA2D62125300FB77D1 /* IcIceTasarim */ = {
			isa = PBXFileSystemSynchronizedRootGroup;
			exceptions = (
				52EA52D02D62125400FB77D1 /* Exceptions for "IcIceTasarim" folder in "IcIceTasarim" target */,
			);
			path = IcIceTasarim;
			sourceTree = "<group>";
		};
		52EA52C12D62125400FB77D1 /* IcIceTasarimTests */ = {
			isa = PBXFileSystemSynchronizedRootGroup;
			path = IcIceTasarimTests;
			sourceTree = "<group>";
		};
		52EA52CB2D62125400FB77D1 /* IcIceTasarimUITests */ = {
			isa = PBXFileSystemSynchronizedRootGroup;
			path = IcIceTasarimUITests;
			sourceTree = "<group>";
		};
/* End PBXFileSystemSynchronizedRootGroup section */

/* Begin PBXFrameworksBuildPhase section */
		52EA52A52D62125300FB77D1 /* Frameworks */ = {
			isa = PBXFrameworksBuildPhase;
			buildActionMask = 2147483647;
			files = (
			);
			runOnlyForDeploymentPostprocessing = 0;
		};
		52EA52BB2D62125400FB77D1 /* Frameworks */ = {
			isa = PBXFrameworksBuildPhase;
			buildActionMask = 2147483647;
			files = (
			);
			runOnlyForDeploymentPostprocessing = 0;
		};
		52EA52C52D62125400FB77D1 /* Frameworks */ = {
			isa = PBXFrameworksBuildPhase;
			buildActionMask = 2147483647;
			files = (
			);
			runOnlyForDeploymentPostprocessing = 0;
		};
/* End PBXFrameworksBuildPhase section */

/* Begin PBXGroup section */
		52EA529F2D62125300FB77D1 = {
			isa = PBXGroup;
			children = (
				52EA52AA2D62125300FB77D1 /* IcIceTasarim */,
				52EA52C12D62125400FB77D1 /* IcIceTasarimTests */,
				52EA52CB2D62125400FB77D1 /* IcIceTasarimUITests */,
				52EA52A92D62125300FB77D1 /* Products */,
			);
			sourceTree = "<group>";
		};
		52EA52A92D62125300FB77D1 /* Products */ = {
			isa = PBXGroup;
			children = (
				52EA52A82D62125300FB77D1 /* IcIceTasarim.app */,
				52EA52BE2D62125400FB77D1 /* IcIceTasarimTests.xctest */,
				52EA52C82D62125400FB77D1 /* IcIceTasarimUITests.xctest */,
			);
			name = Products;
			sourceTree = "<group>";
		};
/* End PBXGroup section */

/* Begin PBXNativeTarget section */
		52EA52A72D62125300FB77D1 /* IcIceTasarim */ = {
			isa = PBXNativeTarget;
			buildConfigurationList = 52EA52D12D62125400FB77D1 /* Build configuration list for PBXNativeTarget "IcIceTasarim" */;
			buildPhases = (
				52EA52A42D62125300FB77D1 /* Sources */,
				52EA52A52D62125300FB77D1 /* Frameworks */,
				52EA52A62D62125300FB77D1 /* Resources */,
			);
			buildRules = (
			);
			dependencies = (
			);
			fileSystemSynchronizedGroups = (
				52EA52AA2D62125300FB77D1 /* IcIceTasarim */,
			);
			name = IcIceTasarim;
			packageProductDependencies = (
			);
			productName = IcIceTasarim;
			productReference = 52EA52A82D62125300FB77D1 /* IcIceTasarim.app */;
			productType = "com.apple.product-type.application";
		};
		52EA52BD2D62125400FB77D1 /* IcIceTasarimTests */ = {
			isa = PBXNativeTarget;
			buildConfigurationList = 52EA52D62D62125400FB77D1 /* Build configuration list for PBXNativeTarget "IcIceTasarimTests" */;
			buildPhases = (
				52EA52BA2D62125400FB77D1 /* Sources */,
				52EA52BB2D62125400FB77D1 /* Frameworks */,
				52EA52BC2D62125400FB77D1 /* Resources */,
			);
			buildRules = (
			);
			dependencies = (
				52EA52C02D62125400FB77D1 /* PBXTargetDependency */,
			);
			fileSystemSynchronizedGroups = (
				52EA52C12D62125400FB77D1 /* IcIceTasarimTests */,
			);
			name = IcIceTasarimTests;
			packageProductDependencies = (
			);
			productName = IcIceTasarimTests;
			productReference = 52EA52BE2D62125400FB77D1 /* IcIceTasarimTests.xctest */;
			productType = "com.apple.product-type.bundle.unit-test";
		};
		52EA52C72D62125400FB77D1 /* IcIceTasarimUITests */ = {
			isa = PBXNativeTarget;
			buildConfigurationList = 52EA52D92D62125400FB77D1 /* Build configuration list for PBXNativeTarget "IcIceTasarimUITests" */;
			buildPhases = (
				52EA52C42D62125400FB77D1 /* Sources */,
				52EA52C52D62125400FB77D1 /* Frameworks */,
				52EA52C62D62125400FB77D1 /* Resources */,
			);
			buildRules = (
			);
			dependencies = (
				52EA52CA2D62125400FB77D1 /* PBXTargetDependency */,
			);
			fileSystemSynchronizedGroups = (
				52EA52CB2D62125400FB77D1 /* IcIceTasarimUITests */,
			);
			name = IcIceTasarimUITests;
			packageProductDependencies = (
			);
			productName = IcIceTasarimUITests;
			productReference = 52EA52C82D62125400FB77D1 /* IcIceTasarimUITests.xctest */;
			productType = "com.apple.product-type.bundle.ui-testing";
		};
/* End PBXNativeTarget section */

/* Begin PBXProject section */
		52EA52A02D62125300FB77D1 /* Project object */ = {
			isa = PBXProject;
			attributes = {
				BuildIndependentTargetsInParallel = 1;
				LastSwiftUpdateCheck = 1620;
				LastUpgradeCheck = 1620;
				TargetAttributes = {
					52EA52A72D62125300FB77D1 = {
						CreatedOnToolsVersion = 16.2;
					};
					52EA52BD2D62125400FB77D1 = {
						CreatedOnToolsVersion = 16.2;
						TestTargetID = 52EA52A72D62125300FB77D1;
					};
					52EA52C72D62125400FB77D1 = {
						CreatedOnToolsVersion = 16.2;
						TestTargetID = 52EA52A72D62125300FB77D1;
					};
				};
			};
			buildConfigurationList = 52EA52A32D62125300FB77D1 /* Build configuration list for PBXProject "IcIceTasarim" */;
			developmentRegion = en;
			hasScannedForEncodings = 0;
			knownRegions = (
				en,
				Base,
			);
			mainGroup = 52EA529F2D62125300FB77D1;
			minimizedProjectReferenceProxies = 1;
			preferredProjectObjectVersion = 77;
			productRefGroup = 52EA52A92D62125300FB77D1 /* Products */;
			projectDirPath = "";
			projectRoot = "";
			targets = (
				52EA52A72D62125300FB77D1 /* IcIceTasarim */,
				52EA52BD2D62125400FB77D1 /* IcIceTasarimTests */,
				52EA52C72D62125400FB77D1 /* IcIceTasarimUITests */,
			);
		};
/* End PBXProject section */

/* Begin PBXResourcesBuildPhase section */
		52EA52A62D62125300FB77D1 /* Resources */ = {
			isa = PBXResourcesBuildPhase;
			buildActionMask = 2147483647;
			files = (
			);
			runOnlyForDeploymentPostprocessing = 0;
		};
		52EA52BC2D62125400FB77D1 /* Resources */ = {
			isa = PBXResourcesBuildPhase;
			buildActionMask = 2147483647;
			files = (
			);
			runOnlyForDeploymentPostprocessing = 0;
		};
		52EA52C62D62125400FB77D1 /* Resources */ = {
			isa = PBXResourcesBuildPhase;
			buildActionMask = 2147483647;
			files = (
			);
			runOnlyForDeploymentPostprocessing = 0;
		};
/* End PBXResourcesBuildPhase section */

/* Begin PBXSourcesBuildPhase section */
		52EA52A42D62125300FB77D1 /* Sources */ = {
			isa = PBXSourcesBuildPhase;
			buildActionMask = 2147483647;
			files = (
			);
			runOnlyForDeploymentPostprocessing = 0;
		};
		52EA52BA2D62125400FB77D1 /* Sources */ = {
			isa = PBXSourcesBuildPhase;
			buildActionMask = 2147483647;
			files = (
			);
			runOnlyForDeploymentPostprocessing = 0;
		};
		52EA52C42D62125400FB77D1 /* Sources */ = {
			isa = PBXSourcesBuildPhase;
			buildActionMask = 2147483647;
			files = (
			);
			runOnlyForDeploymentPostprocessing = 0;
		};
/* End PBXSourcesBuildPhase section */

/* Begin PBXTargetDependency section */
		52EA52C02D62125400FB77D1 /* PBXTargetDependency */ = {
			isa = PBXTargetDependency;
			target = 52EA52A72D62125300FB77D1 /* IcIceTasarim */;
			targetProxy = 52EA52BF2D62125400FB77D1 /* PBXContainerItemProxy */;
		};
		52EA52CA2D62125400FB77D1 /* PBXTargetDependency */ = {
			isa = PBXTargetDependency;
			target = 52EA52A72D62125300FB77D1 /* IcIceTasarim */;
			targetProxy = 52EA52C92D62125400FB77D1 /* PBXContainerItemProxy */;
		};
/* End PBXTargetDependency section */

/* Begin XCBuildConfiguration section */
		52EA52D22D62125400FB77D1 /* Debug */ = {
			isa = XCBuildConfiguration;
			buildSettings = {
				ASSETCATALOG_COMPILER_APPICON_NAME = AppIcon;
				ASSETCATALOG_COMPILER_GLOBAL_ACCENT_COLOR_NAME = AccentColor;
				CODE_SIGN_STYLE = Automatic;
				CURRENT_PROJECT_VERSION = 1;
				DEVELOPMENT_TEAM = G965N4YF9B;
				GENERATE_INFOPLIST_FILE = YES;
				INFOPLIST_FILE = IcIceTasarim/Info.plist;
				INFOPLIST_KEY_UIApplicationSupportsIndirectInputEvents = YES;
				INFOPLIST_KEY_UILaunchStoryboardName = LaunchScreen;
				INFOPLIST_KEY_UIMainStoryboardFile = Main;
				INFOPLIST_KEY_UISupportedInterfaceOrientations_iPad = "UIInterfaceOrientationPortrait UIInterfaceOrientationPortraitUpsideDown UIInterfaceOrientationLandscapeLeft UIInterfaceOrientationLandscapeRight";
				INFOPLIST_KEY_UISupportedInterfaceOrientations_iPhone = "UIInterfaceOrientationPortrait UIInterfaceOrientationLandscapeLeft UIInterfaceOrientationLandscapeRight";
				LD_RUNPATH_SEARCH_PATHS = (
					"$(inherited)",
					"@executable_path/Frameworks",
				);
				MARKETING_VERSION = 1.0;
				PRODUCT_BUNDLE_IDENTIFIER = com.ozankutsal.IcIceTasarim;
				PRODUCT_NAME = "$(TARGET_NAME)";
				SWIFT_EMIT_LOC_STRINGS = YES;
				SWIFT_VERSION = 5.0;
				TARGETED_DEVICE_FAMILY = "1,2";
			};
			name = Debug;
		};
		52EA52D32D62125400FB77D1 /* Release */ = {
			isa = XCBuildConfiguration;
			buildSettings = {
				ASSETCATALOG_COMPILER_APPICON_NAME = AppIcon;
				ASSETCATALOG_COMPILER_GLOBAL_ACCENT_COLOR_NAME = AccentColor;
				CODE_SIGN_STYLE = Automatic;
				CURRENT_PROJECT_VERSION = 1;
				DEVELOPMENT_TEAM = G965N4YF9B;
				GENERATE_INFOPLIST_FILE = YES;
				INFOPLIST_FILE = IcIceTasarim/Info.plist;
				INFOPLIST_KEY_UIApplicationSupportsIndirectInputEvents = YES;
				INFOPLIST_KEY_UILaunchStoryboardName = LaunchScreen;
				INFOPLIST_KEY_UIMainStoryboardFile = Main;
				INFOPLIST_KEY_UISupportedInterfaceOrientations_iPad = "UIInterfaceOrientationPortrait UIInterfaceOrientationPortraitUpsideDown UIInterfaceOrientationLandscapeLeft UIInterfaceOrientationLandscapeRight";
				INFOPLIST_KEY_UISupportedInterfaceOrientations_iPhone = "UIInterfaceOrientationPortrait UIInterfaceOrientationLandscapeLeft UIInterfaceOrientationLandscapeRight";
				LD_RUNPATH_SEARCH_PATHS = (
					"$(inherited)",
					"@executable_path/Frameworks",
				);
				MARKETING_VERSION = 1.0;
				PRODUCT_BUNDLE_IDENTIFIER = com.ozankutsal.IcIceTasarim;
				PRODUCT_NAME = "$(TARGET_NAME)";
				SWIFT_EMIT_LOC_STRINGS = YES;
				SWIFT_VERSION = 5.0;
				TARGETED_DEVICE_FAMILY = "1,2";
			};
			name = Release;
		};
		52EA52D42D62125400FB77D1 /* Debug */ = {
			isa = XCBuildConfiguration;
			buildSettings = {
				ALWAYS_SEARCH_USER_PATHS = NO;
				ASSETCATALOG_COMPILER_GENERATE_SWIFT_ASSET_SYMBOL_EXTENSIONS = YES;
				CLANG_ANALYZER_NONNULL = YES;
				CLANG_ANALYZER_NUMBER_OBJECT_CONVERSION = YES_AGGRESSIVE;
				CLANG_CXX_LANGUAGE_STANDARD = "gnu++20";
				CLANG_ENABLE_MODULES = YES;
				CLANG_ENABLE_OBJC_ARC = YES;
				CLANG_ENABLE_OBJC_WEAK = YES;
				CLANG_WARN_BLOCK_CAPTURE_AUTORELEASING = YES;
				CLANG_WARN_BOOL_CONVERSION = YES;
				CLANG_WARN_COMMA = YES;
				CLANG_WARN_CONSTANT_CONVERSION = YES;
				CLANG_WARN_DEPRECATED_OBJC_IMPLEMENTATIONS = YES;
				CLANG_WARN_DIRECT_OBJC_ISA_USAGE = YES_ERROR;
				CLANG_WARN_DOCUMENTATION_COMMENTS = YES;
				CLANG_WARN_EMPTY_BODY = YES;
				CLANG_WARN_ENUM_CONVERSION = YES;
				CLANG_WARN_INFINITE_RECURSION = YES;
				CLANG_WARN_INT_CONVERSION = YES;
				CLANG_WARN_NON_LITERAL_NULL_CONVERSION = YES;
				CLANG_WARN_OBJC_IMPLICIT_RETAIN_SELF = YES;
				CLANG_WARN_OBJC_LITERAL_CONVERSION = YES;
				CLANG_WARN_OBJC_ROOT_CLASS = YES_ERROR;
				CLANG_WARN_QUOTED_INCLUDE_IN_FRAMEWORK_HEADER = YES;
				CLANG_WARN_RANGE_LOOP_ANALYSIS = YES;
				CLANG_WARN_STRICT_PROTOTYPES = YES;
				CLANG_WARN_SUSPICIOUS_MOVE = YES;
				CLANG_WARN_UNGUARDED_AVAILABILITY = YES_AGGRESSIVE;
				CLANG_WARN_UNREACHABLE_CODE = YES;
				CLANG_WARN__DUPLICATE_METHOD_MATCH = YES;
				COPY_PHASE_STRIP = NO;
				DEBUG_INFORMATION_FORMAT = dwarf;
				ENABLE_STRICT_OBJC_MSGSEND = YES;
				ENABLE_TESTABILITY = YES;
				ENABLE_USER_SCRIPT_SANDBOXING = YES;
				GCC_C_LANGUAGE_STANDARD = gnu17;
				GCC_DYNAMIC_NO_PIC = NO;
				GCC_NO_COMMON_BLOCKS = YES;
				GCC_OPTIMIZATION_LEVEL = 0;
				GCC_PREPROCESSOR_DEFINITIONS = (
					"DEBUG=1",
					"$(inherited)",
				);
				GCC_WARN_64_TO_32_BIT_CONVERSION = YES;
				GCC_WARN_ABOUT_RETURN_TYPE = YES_ERROR;
				GCC_WARN_UNDECLARED_SELECTOR = YES;
				GCC_WARN_UNINITIALIZED_AUTOS = YES_AGGRESSIVE;
				GCC_WARN_UNUSED_FUNCTION = YES;
				GCC_WARN_UNUSED_VARIABLE = YES;
				IPHONEOS_DEPLOYMENT_TARGET = 18.2;
				LOCALIZATION_PREFERS_STRING_CATALOGS = YES;
				MTL_ENABLE_DEBUG_INFO = INCLUDE_SOURCE;
				MTL_FAST_MATH = YES;
				ONLY_ACTIVE_ARCH = YES;
				SDKROOT = iphoneos;
				SWIFT_ACTIVE_COMPILATION_CONDITIONS = "DEBUG $(inherited)";
				SWIFT_OPTIMIZATION_LEVEL = "-Onone";
			};
			name = Debug;
		};
		52EA52D52D62125400FB77D1 /* Release */ = {
			isa = XCBuildConfiguration;
			buildSettings = {
				ALWAYS_SEARCH_USER_PATHS = NO;
				ASSETCATALOG_COMPILER_GENERATE_SWIFT_ASSET_SYMBOL_EXTENSIONS = YES;
				CLANG_ANALYZER_NONNULL = YES;
				CLANG_ANALYZER_NUMBER_OBJECT_CONVERSION = YES_AGGRESSIVE;
				CLANG_CXX_LANGUAGE_STANDARD = "gnu++20";
				CLANG_ENABLE_MODULES = YES;
				CLANG_ENABLE_OBJC_ARC = YES;
				CLANG_ENABLE_OBJC_WEAK = YES;
				CLANG_WARN_BLOCK_CAPTURE_AUTORELEASING = YES;
				CLANG_WARN_BOOL_CONVERSION = YES;
				CLANG_WARN_COMMA = YES;
				CLANG_WARN_CONSTANT_CONVERSION = YES;
				CLANG_WARN_DEPRECATED_OBJC_IMPLEMENTATIONS = YES;
				CLANG_WARN_DIRECT_OBJC_ISA_USAGE = YES_ERROR;
				CLANG_WARN_DOCUMENTATION_COMMENTS = YES;
				CLANG_WARN_EMPTY_BODY = YES;
				CLANG_WARN_ENUM_CONVERSION = YES;
				CLANG_WARN_INFINITE_RECURSION = YES;
				CLANG_WARN_INT_CONVERSION = YES;
				CLANG_WARN_NON_LITERAL_NULL_CONVERSION = YES;
				CLANG_WARN_OBJC_IMPLICIT_RETAIN_SELF = YES;
				CLANG_WARN_OBJC_LITERAL_CONVERSION = YES;
				CLANG_WARN_OBJC_ROOT_CLASS = YES_ERROR;
				CLANG_WARN_QUOTED_INCLUDE_IN_FRAMEWORK_HEADER = YES;
				CLANG_WARN_RANGE_LOOP_ANALYSIS = YES;
				CLANG_WARN_STRICT_PROTOTYPES = YES;
				CLANG_WARN_SUSPICIOUS_MOVE = YES;
				CLANG_WARN_UNGUARDED_AVAILABILITY = YES_AGGRESSIVE;
				CLANG_WARN_UNREACHABLE_CODE = YES;
				CLANG_WARN__DUPLICATE_METHOD_MATCH = YES;
				COPY_PHASE_STRIP = NO;
				DEBUG_INFORMATION_FORMAT = "dwarf-with-dsym";
				ENABLE_NS_ASSERTIONS = NO;
				ENABLE_STRICT_OBJC_MSGSEND = YES;
				ENABLE_USER_SCRIPT_SANDBOXING = YES;
				GCC_C_LANGUAGE_STANDARD = gnu17;
				GCC_NO_COMMON_BLOCKS = YES;
				GCC_WARN_64_TO_32_BIT_CONVERSION = YES;
				GCC_WARN_ABOUT_RETURN_TYPE = YES_ERROR;
				GCC_WARN_UNDECLARED_SELECTOR = YES;
				GCC_WARN_UNINITIALIZED_AUTOS = YES_AGGRESSIVE;
				GCC_WARN_UNUSED_FUNCTION = YES;
				GCC_WARN_UNUSED_VARIABLE = YES;
				IPHONEOS_DEPLOYMENT_TARGET = 18.2;
				LOCALIZATION_PREFERS_STRING_CATALOGS = YES;
				MTL_ENABLE_DEBUG_INFO = NO;
				MTL_FAST_MATH = YES;
				SDKROOT = iphoneos;
				SWIFT_COMPILATION_MODE = wholemodule;
				VALIDATE_PRODUCT = YES;
			};
			name = Release;
		};
		52EA52D72D62125400FB77D1 /* Debug */ = {
			isa = XCBuildConfiguration;
			buildSettings = {
				BUNDLE_LOADER = "$(TEST_HOST)";
				CODE_SIGN_STYLE = Automatic;
				CURRENT_PROJECT_VERSION = 1;
				DEVELOPMENT_TEAM = G965N4YF9B;
				GENERATE_INFOPLIST_FILE = YES;
				IPHONEOS_DEPLOYMENT_TARGET = 18.2;
				MARKETING_VERSION = 1.0;
				PRODUCT_BUNDLE_IDENTIFIER = com.ozankutsal.IcIceTasarimTests;
				PRODUCT_NAME = "$(TARGET_NAME)";
				SWIFT_EMIT_LOC_STRINGS = NO;
				SWIFT_VERSION = 5.0;
				TARGETED_DEVICE_FAMILY = "1,2";
				TEST_HOST = "$(BUILT_PRODUCTS_DIR)/IcIceTasarim.app/$(BUNDLE_EXECUTABLE_FOLDER_PATH)/IcIceTasarim";
			};
			name = Debug;
		};
		52EA52D82D62125400FB77D1 /* Release */ = {
			isa = XCBuildConfiguration;
			buildSettings = {
				BUNDLE_LOADER = "$(TEST_HOST)";
				CODE_SIGN_STYLE = Automatic;
				CURRENT_PROJECT_VERSION = 1;
				DEVELOPMENT_TEAM = G965N4YF9B;
				GENERATE_INFOPLIST_FILE = YES;
				IPHONEOS_DEPLOYMENT_TARGET = 18.2;
				MARKETING_VERSION = 1.0;
				PRODUCT_BUNDLE_IDENTIFIER = com.ozankutsal.IcIceTasarimTests;
				PRODUCT_NAME = "$(TARGET_NAME)";
				SWIFT_EMIT_LOC_STRINGS = NO;
				SWIFT_VERSION = 5.0;
				TARGETED_DEVICE_FAMILY = "1,2";
				TEST_HOST = "$(BUILT_PRODUCTS_DIR)/IcIceTasarim.app/$(BUNDLE_EXECUTABLE_FOLDER_PATH)/IcIceTasarim";
			};
			name = Release;
		};
		52EA52DA2D62125400FB77D1 /* Debug */ = {
			isa = XCBuildConfiguration;
			buildSettings = {
				CODE_SIGN_STYLE = Automatic;
				CURRENT_PROJECT_VERSION = 1;
				DEVELOPMENT_TEAM = G965N4YF9B;
				GENERATE_INFOPLIST_FILE = YES;
				MARKETING_VERSION = 1.0;
				PRODUCT_BUNDLE_IDENTIFIER = com.ozankutsal.IcIceTasarimUITests;
				PRODUCT_NAME = "$(TARGET_NAME)";
				SWIFT_EMIT_LOC_STRINGS = NO;
				SWIFT_VERSION = 5.0;
				TARGETED_DEVICE_FAMILY = "1,2";
				TEST_TARGET_NAME = IcIceTasarim;
			};
			name = Debug;
		};
		52EA52DB2D62125400FB77D1 /* Release */ = {
			isa = XCBuildConfiguration;
			buildSettings = {
				CODE_SIGN_STYLE = Automatic;
				CURRENT_PROJECT_VERSION = 1;
				DEVELOPMENT_TEAM = G965N4YF9B;
				GENERATE_INFOPLIST_FILE = YES;
				MARKETING_VERSION = 1.0;
				PRODUCT_BUNDLE_IDENTIFIER = com.ozankutsal.IcIceTasarimUITests;
				PRODUCT_NAME = "$(TARGET_NAME)";
				SWIFT_EMIT_LOC_STRINGS = NO;
				SWIFT_VERSION = 5.0;
				TARGETED_DEVICE_FAMILY = "1,2";
				TEST_TARGET_NAME = IcIceTasarim;
			};
			name = Release;
		};
/* End XCBuildConfiguration section */

/* Begin XCConfigurationList section */
		52EA52A32D62125300FB77D1 /* Build configuration list for PBXProject "IcIceTasarim" */ = {
			isa = XCConfigurationList;
			buildConfigurations = (
				52EA52D42D62125400FB77D1 /* Debug */,
				52EA52D52D62125400FB77D1 /* Release */,
			);
			defaultConfigurationIsVisible = 0;
			defaultConfigurationName = Release;
		};
		52EA52D12D62125400FB77D1 /* Build configuration list for PBXNativeTarget "IcIceTasarim" */ = {
			isa = XCConfigurationList;
			buildConfigurations = (
				52EA52D22D62125400FB77D1 /* Debug */,
				52EA52D32D62125400FB77D1 /* Release */,
			);
			defaultConfigurationIsVisible = 0;
			defaultConfigurationName = Release;
		};
		52EA52D62D62125400FB77D1 /* Build configuration list for PBXNativeTarget "IcIceTasarimTests" */ = {
			isa = XCConfigurationList;
			buildConfigurations = (
				52EA52D72D62125400FB77D1 /* Debug */,
				52EA52D82D62125400FB77D1 /* Release */,
			);
			defaultConfigurationIsVisible = 0;
			defaultConfigurationName = Release;
		};
		52EA52D92D62125400FB77D1 /* Build configuration list for PBXNativeTarget "IcIceTasarimUITests" */ = {
			isa = XCConfigurationList;
			buildConfigurations = (
				52EA52DA2D62125400FB77D1 /* Debug */,
				52EA52DB2D62125400FB77D1 /* Release */,
			);
			defaultConfigurationIsVisible = 0;
			defaultConfigurationName = Release;
		};
/* End XCConfigurationList section */
	};
	rootObject = 52EA52A02D62125300FB77D1 /* Project object */;
}
