// !$*UTF8*$!
{
	archiveVersion = 1;
	classes = {
	};
	objectVersion = 77;
	objects = {

/* Begin PBXContainerItemProxy section */
		52A71D3D2D5BC366001BFB75 /* PBXContainerItemProxy */ = {
			isa = PBXContainerItemProxy;
			containerPortal = 52A71D1E2D5BC363001BFB75 /* Project object */;
			proxyType = 1;
			remoteGlobalIDString = 52A71D252D5BC363001BFB75;
			remoteInfo = simulatorOlusturma;
		};
		52A71D472D5BC366001BFB75 /* PBXContainerItemProxy */ = {
			isa = PBXContainerItemProxy;
			containerPortal = 52A71D1E2D5BC363001BFB75 /* Project object */;
			proxyType = 1;
			remoteGlobalIDString = 52A71D252D5BC363001BFB75;
			remoteInfo = simulatorOlusturma;
		};
/* End PBXContainerItemProxy section */

/* Begin PBXFileReference section */
		52A71D262D5BC363001BFB75 /* simulatorOlusturma.app */ = {isa = PBXFileReference; explicitFileType = wrapper.application; includeInIndex = 0; path = simulatorOlusturma.app; sourceTree = BUILT_PRODUCTS_DIR; };
		52A71D3C2D5BC366001BFB75 /* simulatorOlusturmaTests.xctest */ = {isa = PBXFileReference; explicitFileType = wrapper.cfbundle; includeInIndex = 0; path = simulatorOlusturmaTests.xctest; sourceTree = BUILT_PRODUCTS_DIR; };
		52A71D462D5BC366001BFB75 /* simulatorOlusturmaUITests.xctest */ = {isa = PBXFileReference; explicitFileType = wrapper.cfbundle; includeInIndex = 0; path = simulatorOlusturmaUITests.xctest; sourceTree = BUILT_PRODUCTS_DIR; };
/* End PBXFileReference section */

/* Begin PBXFileSystemSynchronizedBuildFileExceptionSet section */
		52A71D4E2D5BC366001BFB75 /* Exceptions for "simulatorOlusturma" folder in "simulatorOlusturma" target */ = {
			isa = PBXFileSystemSynchronizedBuildFileExceptionSet;
			membershipExceptions = (
				Info.plist,
			);
			target = 52A71D252D5BC363001BFB75 /* simulatorOlusturma */;
		};
/* End PBXFileSystemSynchronizedBuildFileExceptionSet section */

/* Begin PBXFileSystemSynchronizedRootGroup section */
		52A71D282D5BC363001BFB75 /* simulatorOlusturma */ = {
			isa = PBXFileSystemSynchronizedRootGroup;
			exceptions = (
				52A71D4E2D5BC366001BFB75 /* Exceptions for "simulatorOlusturma" folder in "simulatorOlusturma" target */,
			);
			path = simulatorOlusturma;
			sourceTree = "<group>";
		};
		52A71D3F2D5BC366001BFB75 /* simulatorOlusturmaTests */ = {
			isa = PBXFileSystemSynchronizedRootGroup;
			path = simulatorOlusturmaTests;
			sourceTree = "<group>";
		};
		52A71D492D5BC366001BFB75 /* simulatorOlusturmaUITests */ = {
			isa = PBXFileSystemSynchronizedRootGroup;
			path = simulatorOlusturmaUITests;
			sourceTree = "<group>";
		};
/* End PBXFileSystemSynchronizedRootGroup section */

/* Begin PBXFrameworksBuildPhase section */
		52A71D232D5BC363001BFB75 /* Frameworks */ = {
			isa = PBXFrameworksBuildPhase;
			buildActionMask = 2147483647;
			files = (
			);
			runOnlyForDeploymentPostprocessing = 0;
		};
		52A71D392D5BC366001BFB75 /* Frameworks */ = {
			isa = PBXFrameworksBuildPhase;
			buildActionMask = 2147483647;
			files = (
			);
			runOnlyForDeploymentPostprocessing = 0;
		};
		52A71D432D5BC366001BFB75 /* Frameworks */ = {
			isa = PBXFrameworksBuildPhase;
			buildActionMask = 2147483647;
			files = (
			);
			runOnlyForDeploymentPostprocessing = 0;
		};
/* End PBXFrameworksBuildPhase section */

/* Begin PBXGroup section */
		52A71D1D2D5BC363001BFB75 = {
			isa = PBXGroup;
			children = (
				52A71D282D5BC363001BFB75 /* simulatorOlusturma */,
				52A71D3F2D5BC366001BFB75 /* simulatorOlusturmaTests */,
				52A71D492D5BC366001BFB75 /* simulatorOlusturmaUITests */,
				52A71D272D5BC363001BFB75 /* Products */,
			);
			sourceTree = "<group>";
		};
		52A71D272D5BC363001BFB75 /* Products */ = {
			isa = PBXGroup;
			children = (
				52A71D262D5BC363001BFB75 /* simulatorOlusturma.app */,
				52A71D3C2D5BC366001BFB75 /* simulatorOlusturmaTests.xctest */,
				52A71D462D5BC366001BFB75 /* simulatorOlusturmaUITests.xctest */,
			);
			name = Products;
			sourceTree = "<group>";
		};
/* End PBXGroup section */

/* Begin PBXNativeTarget section */
		52A71D252D5BC363001BFB75 /* simulatorOlusturma */ = {
			isa = PBXNativeTarget;
			buildConfigurationList = 52A71D4F2D5BC366001BFB75 /* Build configuration list for PBXNativeTarget "simulatorOlusturma" */;
			buildPhases = (
				52A71D222D5BC363001BFB75 /* Sources */,
				52A71D232D5BC363001BFB75 /* Frameworks */,
				52A71D242D5BC363001BFB75 /* Resources */,
			);
			buildRules = (
			);
			dependencies = (
			);
			fileSystemSynchronizedGroups = (
				52A71D282D5BC363001BFB75 /* simulatorOlusturma */,
			);
			name = simulatorOlusturma;
			packageProductDependencies = (
			);
			productName = simulatorOlusturma;
			productReference = 52A71D262D5BC363001BFB75 /* simulatorOlusturma.app */;
			productType = "com.apple.product-type.application";
		};
		52A71D3B2D5BC366001BFB75 /* simulatorOlusturmaTests */ = {
			isa = PBXNativeTarget;
			buildConfigurationList = 52A71D542D5BC366001BFB75 /* Build configuration list for PBXNativeTarget "simulatorOlusturmaTests" */;
			buildPhases = (
				52A71D382D5BC366001BFB75 /* Sources */,
				52A71D392D5BC366001BFB75 /* Frameworks */,
				52A71D3A2D5BC366001BFB75 /* Resources */,
			);
			buildRules = (
			);
			dependencies = (
				52A71D3E2D5BC366001BFB75 /* PBXTargetDependency */,
			);
			fileSystemSynchronizedGroups = (
				52A71D3F2D5BC366001BFB75 /* simulatorOlusturmaTests */,
			);
			name = simulatorOlusturmaTests;
			packageProductDependencies = (
			);
			productName = simulatorOlusturmaTests;
			productReference = 52A71D3C2D5BC366001BFB75 /* simulatorOlusturmaTests.xctest */;
			productType = "com.apple.product-type.bundle.unit-test";
		};
		52A71D452D5BC366001BFB75 /* simulatorOlusturmaUITests */ = {
			isa = PBXNativeTarget;
			buildConfigurationList = 52A71D572D5BC366001BFB75 /* Build configuration list for PBXNativeTarget "simulatorOlusturmaUITests" */;
			buildPhases = (
				52A71D422D5BC366001BFB75 /* Sources */,
				52A71D432D5BC366001BFB75 /* Frameworks */,
				52A71D442D5BC366001BFB75 /* Resources */,
			);
			buildRules = (
			);
			dependencies = (
				52A71D482D5BC366001BFB75 /* PBXTargetDependency */,
			);
			fileSystemSynchronizedGroups = (
				52A71D492D5BC366001BFB75 /* simulatorOlusturmaUITests */,
			);
			name = simulatorOlusturmaUITests;
			packageProductDependencies = (
			);
			productName = simulatorOlusturmaUITests;
			productReference = 52A71D462D5BC366001BFB75 /* simulatorOlusturmaUITests.xctest */;
			productType = "com.apple.product-type.bundle.ui-testing";
		};
/* End PBXNativeTarget section */

/* Begin PBXProject section */
		52A71D1E2D5BC363001BFB75 /* Project object */ = {
			isa = PBXProject;
			attributes = {
				BuildIndependentTargetsInParallel = 1;
				LastSwiftUpdateCheck = 1620;
				LastUpgradeCheck = 1620;
				TargetAttributes = {
					52A71D252D5BC363001BFB75 = {
						CreatedOnToolsVersion = 16.2;
					};
					52A71D3B2D5BC366001BFB75 = {
						CreatedOnToolsVersion = 16.2;
						TestTargetID = 52A71D252D5BC363001BFB75;
					};
					52A71D452D5BC366001BFB75 = {
						CreatedOnToolsVersion = 16.2;
						TestTargetID = 52A71D252D5BC363001BFB75;
					};
				};
			};
			buildConfigurationList = 52A71D212D5BC363001BFB75 /* Build configuration list for PBXProject "simulatorOlusturma" */;
			developmentRegion = en;
			hasScannedForEncodings = 0;
			knownRegions = (
				en,
				Base,
			);
			mainGroup = 52A71D1D2D5BC363001BFB75;
			minimizedProjectReferenceProxies = 1;
			preferredProjectObjectVersion = 77;
			productRefGroup = 52A71D272D5BC363001BFB75 /* Products */;
			projectDirPath = "";
			projectRoot = "";
			targets = (
				52A71D252D5BC363001BFB75 /* simulatorOlusturma */,
				52A71D3B2D5BC366001BFB75 /* simulatorOlusturmaTests */,
				52A71D452D5BC366001BFB75 /* simulatorOlusturmaUITests */,
			);
		};
/* End PBXProject section */

/* Begin PBXResourcesBuildPhase section */
		52A71D242D5BC363001BFB75 /* Resources */ = {
			isa = PBXResourcesBuildPhase;
			buildActionMask = 2147483647;
			files = (
			);
			runOnlyForDeploymentPostprocessing = 0;
		};
		52A71D3A2D5BC366001BFB75 /* Resources */ = {
			isa = PBXResourcesBuildPhase;
			buildActionMask = 2147483647;
			files = (
			);
			runOnlyForDeploymentPostprocessing = 0;
		};
		52A71D442D5BC366001BFB75 /* Resources */ = {
			isa = PBXResourcesBuildPhase;
			buildActionMask = 2147483647;
			files = (
			);
			runOnlyForDeploymentPostprocessing = 0;
		};
/* End PBXResourcesBuildPhase section */

/* Begin PBXSourcesBuildPhase section */
		52A71D222D5BC363001BFB75 /* Sources */ = {
			isa = PBXSourcesBuildPhase;
			buildActionMask = 2147483647;
			files = (
			);
			runOnlyForDeploymentPostprocessing = 0;
		};
		52A71D382D5BC366001BFB75 /* Sources */ = {
			isa = PBXSourcesBuildPhase;
			buildActionMask = 2147483647;
			files = (
			);
			runOnlyForDeploymentPostprocessing = 0;
		};
		52A71D422D5BC366001BFB75 /* Sources */ = {
			isa = PBXSourcesBuildPhase;
			buildActionMask = 2147483647;
			files = (
			);
			runOnlyForDeploymentPostprocessing = 0;
		};
/* End PBXSourcesBuildPhase section */

/* Begin PBXTargetDependency section */
		52A71D3E2D5BC366001BFB75 /* PBXTargetDependency */ = {
			isa = PBXTargetDependency;
			target = 52A71D252D5BC363001BFB75 /* simulatorOlusturma */;
			targetProxy = 52A71D3D2D5BC366001BFB75 /* PBXContainerItemProxy */;
		};
		52A71D482D5BC366001BFB75 /* PBXTargetDependency */ = {
			isa = PBXTargetDependency;
			target = 52A71D252D5BC363001BFB75 /* simulatorOlusturma */;
			targetProxy = 52A71D472D5BC366001BFB75 /* PBXContainerItemProxy */;
		};
/* End PBXTargetDependency section */

/* Begin XCBuildConfiguration section */
		52A71D502D5BC366001BFB75 /* Debug */ = {
			isa = XCBuildConfiguration;
			buildSettings = {
				ASSETCATALOG_COMPILER_APPICON_NAME = AppIcon;
				ASSETCATALOG_COMPILER_GLOBAL_ACCENT_COLOR_NAME = AccentColor;
				CODE_SIGN_STYLE = Automatic;
				CURRENT_PROJECT_VERSION = 1;
				DEVELOPMENT_TEAM = G965N4YF9B;
				GENERATE_INFOPLIST_FILE = YES;
				INFOPLIST_FILE = simulatorOlusturma/Info.plist;
				INFOPLIST_KEY_UIApplicationSupportsIndirectInputEvents = YES;
				INFOPLIST_KEY_UILaunchStoryboardName = LaunchScreen;
				INFOPLIST_KEY_UIMainStoryboardFile = Main;
				INFOPLIST_KEY_UISupportedInterfaceOrientations_iPad = "UIInterfaceOrientationPortrait UIInterfaceOrientationPortraitUpsideDown UIInterfaceOrientationLandscapeLeft UIInterfaceOrientationLandscapeRight";
				INFOPLIST_KEY_UISupportedInterfaceOrientations_iPhone = "UIInterfaceOrientationPortrait UIInterfaceOrientationLandscapeLeft UIInterfaceOrientationLandscapeRight";
				LD_RUNPATH_SEARCH_PATHS = (
					"$(inherited)",
					"@executable_path/Frameworks",
				);
				MARKETING_VERSION = 1.0;
				PRODUCT_BUNDLE_IDENTIFIER = com.ozankutsal.simulatorOlusturma;
				PRODUCT_NAME = "$(TARGET_NAME)";
				SWIFT_EMIT_LOC_STRINGS = YES;
				SWIFT_VERSION = 5.0;
				TARGETED_DEVICE_FAMILY = "1,2";
			};
			name = Debug;
		};
		52A71D512D5BC366001BFB75 /* Release */ = {
			isa = XCBuildConfiguration;
			buildSettings = {
				ASSETCATALOG_COMPILER_APPICON_NAME = AppIcon;
				ASSETCATALOG_COMPILER_GLOBAL_ACCENT_COLOR_NAME = AccentColor;
				CODE_SIGN_STYLE = Automatic;
				CURRENT_PROJECT_VERSION = 1;
				DEVELOPMENT_TEAM = G965N4YF9B;
				GENERATE_INFOPLIST_FILE = YES;
				INFOPLIST_FILE = simulatorOlusturma/Info.plist;
				INFOPLIST_KEY_UIApplicationSupportsIndirectInputEvents = YES;
				INFOPLIST_KEY_UILaunchStoryboardName = LaunchScreen;
				INFOPLIST_KEY_UIMainStoryboardFile = Main;
				INFOPLIST_KEY_UISupportedInterfaceOrientations_iPad = "UIInterfaceOrientationPortrait UIInterfaceOrientationPortraitUpsideDown UIInterfaceOrientationLandscapeLeft UIInterfaceOrientationLandscapeRight";
				INFOPLIST_KEY_UISupportedInterfaceOrientations_iPhone = "UIInterfaceOrientationPortrait UIInterfaceOrientationLandscapeLeft UIInterfaceOrientationLandscapeRight";
				LD_RUNPATH_SEARCH_PATHS = (
					"$(inherited)",
					"@executable_path/Frameworks",
				);
				MARKETING_VERSION = 1.0;
				PRODUCT_BUNDLE_IDENTIFIER = com.ozankutsal.simulatorOlusturma;
				PRODUCT_NAME = "$(TARGET_NAME)";
				SWIFT_EMIT_LOC_STRINGS = YES;
				SWIFT_VERSION = 5.0;
				TARGETED_DEVICE_FAMILY = "1,2";
			};
			name = Release;
		};
		52A71D522D5BC366001BFB75 /* Debug */ = {
			isa = XCBuildConfiguration;
			buildSettings = {
				ALWAYS_SEARCH_USER_PATHS = NO;
				ASSETCATALOG_COMPILER_GENERATE_SWIFT_ASSET_SYMBOL_EXTENSIONS = YES;
				CLANG_ANALYZER_NONNULL = YES;
				CLANG_ANALYZER_NUMBER_OBJECT_CONVERSION = YES_AGGRESSIVE;
				CLANG_CXX_LANGUAGE_STANDARD = "gnu++20";
				CLANG_ENABLE_MODULES = YES;
				CLANG_ENABLE_OBJC_ARC = YES;
				CLANG_ENABLE_OBJC_WEAK = YES;
				CLANG_WARN_BLOCK_CAPTURE_AUTORELEASING = YES;
				CLANG_WARN_BOOL_CONVERSION = YES;
				CLANG_WARN_COMMA = YES;
				CLANG_WARN_CONSTANT_CONVERSION = YES;
				CLANG_WARN_DEPRECATED_OBJC_IMPLEMENTATIONS = YES;
				CLANG_WARN_DIRECT_OBJC_ISA_USAGE = YES_ERROR;
				CLANG_WARN_DOCUMENTATION_COMMENTS = YES;
				CLANG_WARN_EMPTY_BODY = YES;
				CLANG_WARN_ENUM_CONVERSION = YES;
				CLANG_WARN_INFINITE_RECURSION = YES;
				CLANG_WARN_INT_CONVERSION = YES;
				CLANG_WARN_NON_LITERAL_NULL_CONVERSION = YES;
				CLANG_WARN_OBJC_IMPLICIT_RETAIN_SELF = YES;
				CLANG_WARN_OBJC_LITERAL_CONVERSION = YES;
				CLANG_WARN_OBJC_ROOT_CLASS = YES_ERROR;
				CLANG_WARN_QUOTED_INCLUDE_IN_FRAMEWORK_HEADER = YES;
				CLANG_WARN_RANGE_LOOP_ANALYSIS = YES;
				CLANG_WARN_STRICT_PROTOTYPES = YES;
				CLANG_WARN_SUSPICIOUS_MOVE = YES;
				CLANG_WARN_UNGUARDED_AVAILABILITY = YES_AGGRESSIVE;
				CLANG_WARN_UNREACHABLE_CODE = YES;
				CLANG_WARN__DUPLICATE_METHOD_MATCH = YES;
				COPY_PHASE_STRIP = NO;
				DEBUG_INFORMATION_FORMAT = dwarf;
				ENABLE_STRICT_OBJC_MSGSEND = YES;
				ENABLE_TESTABILITY = YES;
				ENABLE_USER_SCRIPT_SANDBOXING = YES;
				GCC_C_LANGUAGE_STANDARD = gnu17;
				GCC_DYNAMIC_NO_PIC = NO;
				GCC_NO_COMMON_BLOCKS = YES;
				GCC_OPTIMIZATION_LEVEL = 0;
				GCC_PREPROCESSOR_DEFINITIONS = (
					"DEBUG=1",
					"$(inherited)",
				);
				GCC_WARN_64_TO_32_BIT_CONVERSION = YES;
				GCC_WARN_ABOUT_RETURN_TYPE = YES_ERROR;
				GCC_WARN_UNDECLARED_SELECTOR = YES;
				GCC_WARN_UNINITIALIZED_AUTOS = YES_AGGRESSIVE;
				GCC_WARN_UNUSED_FUNCTION = YES;
				GCC_WARN_UNUSED_VARIABLE = YES;
				IPHONEOS_DEPLOYMENT_TARGET = 18.2;
				LOCALIZATION_PREFERS_STRING_CATALOGS = YES;
				MTL_ENABLE_DEBUG_INFO = INCLUDE_SOURCE;
				MTL_FAST_MATH = YES;
				ONLY_ACTIVE_ARCH = YES;
				SDKROOT = iphoneos;
				SWIFT_ACTIVE_COMPILATION_CONDITIONS = "DEBUG $(inherited)";
				SWIFT_OPTIMIZATION_LEVEL = "-Onone";
			};
			name = Debug;
		};
		52A71D532D5BC366001BFB75 /* Release */ = {
			isa = XCBuildConfiguration;
			buildSettings = {
				ALWAYS_SEARCH_USER_PATHS = NO;
				ASSETCATALOG_COMPILER_GENERATE_SWIFT_ASSET_SYMBOL_EXTENSIONS = YES;
				CLANG_ANALYZER_NONNULL = YES;
				CLANG_ANALYZER_NUMBER_OBJECT_CONVERSION = YES_AGGRESSIVE;
				CLANG_CXX_LANGUAGE_STANDARD = "gnu++20";
				CLANG_ENABLE_MODULES = YES;
				CLANG_ENABLE_OBJC_ARC = YES;
				CLANG_ENABLE_OBJC_WEAK = YES;
				CLANG_WARN_BLOCK_CAPTURE_AUTORELEASING = YES;
				CLANG_WARN_BOOL_CONVERSION = YES;
				CLANG_WARN_COMMA = YES;
				CLANG_WARN_CONSTANT_CONVERSION = YES;
				CLANG_WARN_DEPRECATED_OBJC_IMPLEMENTATIONS = YES;
				CLANG_WARN_DIRECT_OBJC_ISA_USAGE = YES_ERROR;
				CLANG_WARN_DOCUMENTATION_COMMENTS = YES;
				CLANG_WARN_EMPTY_BODY = YES;
				CLANG_WARN_ENUM_CONVERSION = YES;
				CLANG_WARN_INFINITE_RECURSION = YES;
				CLANG_WARN_INT_CONVERSION = YES;
				CLANG_WARN_NON_LITERAL_NULL_CONVERSION = YES;
				CLANG_WARN_OBJC_IMPLICIT_RETAIN_SELF = YES;
				CLANG_WARN_OBJC_LITERAL_CONVERSION = YES;
				CLANG_WARN_OBJC_ROOT_CLASS = YES_ERROR;
				CLANG_WARN_QUOTED_INCLUDE_IN_FRAMEWORK_HEADER = YES;
				CLANG_WARN_RANGE_LOOP_ANALYSIS = YES;
				CLANG_WARN_STRICT_PROTOTYPES = YES;
				CLANG_WARN_SUSPICIOUS_MOVE = YES;
				CLANG_WARN_UNGUARDED_AVAILABILITY = YES_AGGRESSIVE;
				CLANG_WARN_UNREACHABLE_CODE = YES;
				CLANG_WARN__DUPLICATE_METHOD_MATCH = YES;
				COPY_PHASE_STRIP = NO;
				DEBUG_INFORMATION_FORMAT = "dwarf-with-dsym";
				ENABLE_NS_ASSERTIONS = NO;
				ENABLE_STRICT_OBJC_MSGSEND = YES;
				ENABLE_USER_SCRIPT_SANDBOXING = YES;
				GCC_C_LANGUAGE_STANDARD = gnu17;
				GCC_NO_COMMON_BLOCKS = YES;
				GCC_WARN_64_TO_32_BIT_CONVERSION = YES;
				GCC_WARN_ABOUT_RETURN_TYPE = YES_ERROR;
				GCC_WARN_UNDECLARED_SELECTOR = YES;
				GCC_WARN_UNINITIALIZED_AUTOS = YES_AGGRESSIVE;
				GCC_WARN_UNUSED_FUNCTION = YES;
				GCC_WARN_UNUSED_VARIABLE = YES;
				IPHONEOS_DEPLOYMENT_TARGET = 18.2;
				LOCALIZATION_PREFERS_STRING_CATALOGS = YES;
				MTL_ENABLE_DEBUG_INFO = NO;
				MTL_FAST_MATH = YES;
				SDKROOT = iphoneos;
				SWIFT_COMPILATION_MODE = wholemodule;
				VALIDATE_PRODUCT = YES;
			};
			name = Release;
		};
		52A71D552D5BC366001BFB75 /* Debug */ = {
			isa = XCBuildConfiguration;
			buildSettings = {
				BUNDLE_LOADER = "$(TEST_HOST)";
				CODE_SIGN_STYLE = Automatic;
				CURRENT_PROJECT_VERSION = 1;
				DEVELOPMENT_TEAM = G965N4YF9B;
				GENERATE_INFOPLIST_FILE = YES;
				IPHONEOS_DEPLOYMENT_TARGET = 18.2;
				MARKETING_VERSION = 1.0;
				PRODUCT_BUNDLE_IDENTIFIER = com.ozankutsal.simulatorOlusturmaTests;
				PRODUCT_NAME = "$(TARGET_NAME)";
				SWIFT_EMIT_LOC_STRINGS = NO;
				SWIFT_VERSION = 5.0;
				TARGETED_DEVICE_FAMILY = "1,2";
				TEST_HOST = "$(BUILT_PRODUCTS_DIR)/simulatorOlusturma.app/$(BUNDLE_EXECUTABLE_FOLDER_PATH)/simulatorOlusturma";
			};
			name = Debug;
		};
		52A71D562D5BC366001BFB75 /* Release */ = {
			isa = XCBuildConfiguration;
			buildSettings = {
				BUNDLE_LOADER = "$(TEST_HOST)";
				CODE_SIGN_STYLE = Automatic;
				CURRENT_PROJECT_VERSION = 1;
				DEVELOPMENT_TEAM = G965N4YF9B;
				GENERATE_INFOPLIST_FILE = YES;
				IPHONEOS_DEPLOYMENT_TARGET = 18.2;
				MARKETING_VERSION = 1.0;
				PRODUCT_BUNDLE_IDENTIFIER = com.ozankutsal.simulatorOlusturmaTests;
				PRODUCT_NAME = "$(TARGET_NAME)";
				SWIFT_EMIT_LOC_STRINGS = NO;
				SWIFT_VERSION = 5.0;
				TARGETED_DEVICE_FAMILY = "1,2";
				TEST_HOST = "$(BUILT_PRODUCTS_DIR)/simulatorOlusturma.app/$(BUNDLE_EXECUTABLE_FOLDER_PATH)/simulatorOlusturma";
			};
			name = Release;
		};
		52A71D582D5BC366001BFB75 /* Debug */ = {
			isa = XCBuildConfiguration;
			buildSettings = {
				CODE_SIGN_STYLE = Automatic;
				CURRENT_PROJECT_VERSION = 1;
				DEVELOPMENT_TEAM = G965N4YF9B;
				GENERATE_INFOPLIST_FILE = YES;
				MARKETING_VERSION = 1.0;
				PRODUCT_BUNDLE_IDENTIFIER = com.ozankutsal.simulatorOlusturmaUITests;
				PRODUCT_NAME = "$(TARGET_NAME)";
				SWIFT_EMIT_LOC_STRINGS = NO;
				SWIFT_VERSION = 5.0;
				TARGETED_DEVICE_FAMILY = "1,2";
				TEST_TARGET_NAME = simulatorOlusturma;
			};
			name = Debug;
		};
		52A71D592D5BC366001BFB75 /* Release */ = {
			isa = XCBuildConfiguration;
			buildSettings = {
				CODE_SIGN_STYLE = Automatic;
				CURRENT_PROJECT_VERSION = 1;
				DEVELOPMENT_TEAM = G965N4YF9B;
				GENERATE_INFOPLIST_FILE = YES;
				MARKETING_VERSION = 1.0;
				PRODUCT_BUNDLE_IDENTIFIER = com.ozankutsal.simulatorOlusturmaUITests;
				PRODUCT_NAME = "$(TARGET_NAME)";
				SWIFT_EMIT_LOC_STRINGS = NO;
				SWIFT_VERSION = 5.0;
				TARGETED_DEVICE_FAMILY = "1,2";
				TEST_TARGET_NAME = simulatorOlusturma;
			};
			name = Release;
		};
/* End XCBuildConfiguration section */

/* Begin XCConfigurationList section */
		52A71D212D5BC363001BFB75 /* Build configuration list for PBXProject "simulatorOlusturma" */ = {
			isa = XCConfigurationList;
			buildConfigurations = (
				52A71D522D5BC366001BFB75 /* Debug */,
				52A71D532D5BC366001BFB75 /* Release */,
			);
			defaultConfigurationIsVisible = 0;
			defaultConfigurationName = Release;
		};
		52A71D4F2D5BC366001BFB75 /* Build configuration list for PBXNativeTarget "simulatorOlusturma" */ = {
			isa = XCConfigurationList;
			buildConfigurations = (
				52A71D502D5BC366001BFB75 /* Debug */,
				52A71D512D5BC366001BFB75 /* Release */,
			);
			defaultConfigurationIsVisible = 0;
			defaultConfigurationName = Release;
		};
		52A71D542D5BC366001BFB75 /* Build configuration list for PBXNativeTarget "simulatorOlusturmaTests" */ = {
			isa = XCConfigurationList;
			buildConfigurations = (
				52A71D552D5BC366001BFB75 /* Debug */,
				52A71D562D5BC366001BFB75 /* Release */,
			);
			defaultConfigurationIsVisible = 0;
			defaultConfigurationName = Release;
		};
		52A71D572D5BC366001BFB75 /* Build configuration list for PBXNativeTarget "simulatorOlusturmaUITests" */ = {
			isa = XCConfigurationList;
			buildConfigurations = (
				52A71D582D5BC366001BFB75 /* Debug */,
				52A71D592D5BC366001BFB75 /* Release */,
			);
			defaultConfigurationIsVisible = 0;
			defaultConfigurationName = Release;
		};
/* End XCConfigurationList section */
	};
	rootObject = 52A71D1E2D5BC363001BFB75 /* Project object */;
}
